
Microsoft Visual Studio Solution File, Format Version 12.00
# Visual Studio Version 16
VisualStudioVersion = 16.0.28315.86
MinimumVisualStudioVersion = 10.0.40219.1
Project("{2150E333-8FDC-42A3-9474-1A3956D46DE8}") = "Engine", "Engine", "{AF1A26EF-F623-438C-842C-5E7942B722CA}"
EndProject
Project("{2150E333-8FDC-42A3-9474-1A3956D46DE8}") = "Games", "Games", "{16F3448F-7623-4632-91ED-DC89223D74D7}"
EndProject
Project("{8BC9CEB8-8B4A-11D0-8D11-00A0C91BC942}") = "UE4", "Intermediate\ProjectFiles\UE4.vcxproj", "{268C8064-C093-4863-8890-1F5006B1235C}"
EndProject
Project("{8BC9CEB8-8B4A-11D0-8D11-00A0C91BC942}") = "MyProject", "Intermediate\ProjectFiles\MyProject.vcxproj", "{05B6A1AE-67B4-429E-9A02-AFD95164A3A2}"
EndProject
Project("{2150E333-8FDC-42A3-9474-1A3956D46DE8}") = "Visualizers", "Visualizers", "{9FD80EF3-4B75-4ED2-8113-02C4658AFA6F}"
	ProjectSection(SolutionItems) = preProject
		..\..\..\..\..\..\..\Program Files\Epic Games\UE_4.22\Engine\Extras\VisualStudioDebugging\UE4.natvis = ..\..\..\..\..\..\..\Program Files\Epic Games\UE_4.22\Engine\Extras\VisualStudioDebugging\UE4.natvis
	EndProjectSection
EndProject
Global
	GlobalSection(SolutionConfigurationPlatforms) = preSolution
		DebugGame Editor|HTML5 = DebugGame Editor|HTML5
		DebugGame Editor|Win32 = DebugGame Editor|Win32
		DebugGame Editor|Win64 = DebugGame Editor|Win64
		DebugGame|HTML5 = DebugGame|HTML5
		DebugGame|Win32 = DebugGame|Win32
		DebugGame|Win64 = DebugGame|Win64
		Development Editor|HTML5 = Development Editor|HTML5
		Development Editor|Win32 = Development Editor|Win32
		Development Editor|Win64 = Development Editor|Win64
		Development|HTML5 = Development|HTML5
		Development|Win32 = Development|Win32
		Development|Win64 = Development|Win64
		Shipping|HTML5 = Shipping|HTML5
		Shipping|Win32 = Shipping|Win32
		Shipping|Win64 = Shipping|Win64
	EndGlobalSection
	GlobalSection(ProjectConfigurationPlatforms) = postSolution
		{268C8064-C093-4863-8890-1F5006B1235C}.DebugGame Editor|HTML5.ActiveCfg = BuiltWithUnrealBuildTool|Win32
		{268C8064-C093-4863-8890-1F5006B1235C}.DebugGame Editor|Win32.ActiveCfg = BuiltWithUnrealBuildTool|Win32
		{268C8064-C093-4863-8890-1F5006B1235C}.DebugGame Editor|Win64.ActiveCfg = BuiltWithUnrealBuildTool|Win32
		{268C8064-C093-4863-8890-1F5006B1235C}.DebugGame|HTML5.ActiveCfg = BuiltWithUnrealBuildTool|Win32
		{268C8064-C093-4863-8890-1F5006B1235C}.DebugGame|Win32.ActiveCfg = BuiltWithUnrealBuildTool|Win32
		{268C8064-C093-4863-8890-1F5006B1235C}.DebugGame|Win64.ActiveCfg = BuiltWithUnrealBuildTool|Win32
		{268C8064-C093-4863-8890-1F5006B1235C}.Development Editor|HTML5.ActiveCfg = BuiltWithUnrealBuildTool|Win32
		{268C8064-C093-4863-8890-1F5006B1235C}.Development Editor|Win32.ActiveCfg = BuiltWithUnrealBuildTool|Win32
		{268C8064-C093-4863-8890-1F5006B1235C}.Development Editor|Win64.ActiveCfg = BuiltWithUnrealBuildTool|Win32
		{268C8064-C093-4863-8890-1F5006B1235C}.Development|HTML5.ActiveCfg = BuiltWithUnrealBuildTool|Win32
		{268C8064-C093-4863-8890-1F5006B1235C}.Development|Win32.ActiveCfg = BuiltWithUnrealBuildTool|Win32
		{268C8064-C093-4863-8890-1F5006B1235C}.Development|Win64.ActiveCfg = BuiltWithUnrealBuildTool|Win32
		{268C8064-C093-4863-8890-1F5006B1235C}.Shipping|HTML5.ActiveCfg = BuiltWithUnrealBuildTool|Win32
		{268C8064-C093-4863-8890-1F5006B1235C}.Shipping|Win32.ActiveCfg = BuiltWithUnrealBuildTool|Win32
		{268C8064-C093-4863-8890-1F5006B1235C}.Shipping|Win64.ActiveCfg = BuiltWithUnrealBuildTool|Win32
		{05B6A1AE-67B4-429E-9A02-AFD95164A3A2}.DebugGame Editor|HTML5.ActiveCfg = Invalid|Win32
		{05B6A1AE-67B4-429E-9A02-AFD95164A3A2}.DebugGame Editor|Win32.ActiveCfg = Invalid|Win32
		{05B6A1AE-67B4-429E-9A02-AFD95164A3A2}.DebugGame Editor|Win64.ActiveCfg = DebugGame_Editor|x64
		{05B6A1AE-67B4-429E-9A02-AFD95164A3A2}.DebugGame Editor|Win64.Build.0 = DebugGame_Editor|x64
		{05B6A1AE-67B4-429E-9A02-AFD95164A3A2}.DebugGame|HTML5.ActiveCfg = HTML5_DebugGame|Win32
		{05B6A1AE-67B4-429E-9A02-AFD95164A3A2}.DebugGame|HTML5.Build.0 = HTML5_DebugGame|Win32
		{05B6A1AE-67B4-429E-9A02-AFD95164A3A2}.DebugGame|Win32.ActiveCfg = DebugGame|Win32
		{05B6A1AE-67B4-429E-9A02-AFD95164A3A2}.DebugGame|Win32.Build.0 = DebugGame|Win32
		{05B6A1AE-67B4-429E-9A02-AFD95164A3A2}.DebugGame|Win64.ActiveCfg = DebugGame|x64
		{05B6A1AE-67B4-429E-9A02-AFD95164A3A2}.DebugGame|Win64.Build.0 = DebugGame|x64
		{05B6A1AE-67B4-429E-9A02-AFD95164A3A2}.Development Editor|HTML5.ActiveCfg = Invalid|Win32
		{05B6A1AE-67B4-429E-9A02-AFD95164A3A2}.Development Editor|Win32.ActiveCfg = Invalid|Win32
		{05B6A1AE-67B4-429E-9A02-AFD95164A3A2}.Development Editor|Win64.ActiveCfg = Development_Editor|x64
		{05B6A1AE-67B4-429E-9A02-AFD95164A3A2}.Development Editor|Win64.Build.0 = Development_Editor|x64
		{05B6A1AE-67B4-429E-9A02-AFD95164A3A2}.Development|HTML5.ActiveCfg = HTML5_Development|Win32
		{05B6A1AE-67B4-429E-9A02-AFD95164A3A2}.Development|HTML5.Build.0 = HTML5_Development|Win32
		{05B6A1AE-67B4-429E-9A02-AFD95164A3A2}.Development|Win32.ActiveCfg = Development|Win32
		{05B6A1AE-67B4-429E-9A02-AFD95164A3A2}.Development|Win32.Build.0 = Development|Win32
		{05B6A1AE-67B4-429E-9A02-AFD95164A3A2}.Development|Win64.ActiveCfg = Development|x64
		{05B6A1AE-67B4-429E-9A02-AFD95164A3A2}.Development|Win64.Build.0 = Development|x64
		{05B6A1AE-67B4-429E-9A02-AFD95164A3A2}.Shipping|HTML5.ActiveCfg = HTML5_Shipping|Win32
		{05B6A1AE-67B4-429E-9A02-AFD95164A3A2}.Shipping|HTML5.Build.0 = HTML5_Shipping|Win32
		{05B6A1AE-67B4-429E-9A02-AFD95164A3A2}.Shipping|Win32.ActiveCfg = Shipping|Win32
		{05B6A1AE-67B4-429E-9A02-AFD95164A3A2}.Shipping|Win32.Build.0 = Shipping|Win32
		{05B6A1AE-67B4-429E-9A02-AFD95164A3A2}.Shipping|Win64.ActiveCfg = Shipping|x64
		{05B6A1AE-67B4-429E-9A02-AFD95164A3A2}.Shipping|Win64.Build.0 = Shipping|x64
	EndGlobalSection
	GlobalSection(SolutionProperties) = preSolution
		HideSolutionNode = FALSE
	EndGlobalSection
	GlobalSection(NestedProjects) = preSolution
		{268C8064-C093-4863-8890-1F5006B1235C} = {AF1A26EF-F623-438C-842C-5E7942B722CA}
		{05B6A1AE-67B4-429E-9A02-AFD95164A3A2} = {16F3448F-7623-4632-91ED-DC89223D74D7}
	EndGlobalSection
EndGlobal
